// !$*UTF8*$!
{
	archiveVersion = 1;
	classes = {
	};
	objectVersion = 50;
	objects = {

/* Begin PBXBuildFile section */
		45243AAD21236FAE00EA5FE0 /* AppDelegate.swift in Sources */ = {isa = PBXBuildFile; fileRef = 45243AAC21236FAE00EA5FE0 /* AppDelegate.swift */; };
		45243AAF21236FAE00EA5FE0 /* ViewController.swift in Sources */ = {isa = PBXBuildFile; fileRef = 45243AAE21236FAE00EA5FE0 /* ViewController.swift */; };
		45243AB221236FAE00EA5FE0 /* Main.storyboard in Resources */ = {isa = PBXBuildFile; fileRef = 45243AB021236FAE00EA5FE0 /* Main.storyboard */; };
		45243AB521236FAE00EA5FE0 /* ForeCastTheWeather.xcdatamodeld in Sources */ = {isa = PBXBuildFile; fileRef = 45243AB321236FAE00EA5FE0 /* ForeCastTheWeather.xcdatamodeld */; };
		45243AB721236FAF00EA5FE0 /* Assets.xcassets in Resources */ = {isa = PBXBuildFile; fileRef = 45243AB621236FAF00EA5FE0 /* Assets.xcassets */; };
		45243ABA21236FAF00EA5FE0 /* LaunchScreen.storyboard in Resources */ = {isa = PBXBuildFile; fileRef = 45243AB821236FAF00EA5FE0 /* LaunchScreen.storyboard */; };
/* End PBXBuildFile section */

/* Begin PBXFileReference section */
		45243AA921236FAE00EA5FE0 /* ForeCastTheWeather.app */ = {isa = PBXFileReference; explicitFileType = wrapper.application; includeInIndex = 0; path = ForeCastTheWeather.app; sourceTree = BUILT_PRODUCTS_DIR; };
		45243AAC21236FAE00EA5FE0 /* AppDelegate.swift */ = {isa = PBXFileReference; lastKnownFileType = sourcecode.swift; path = AppDelegate.swift; sourceTree = "<group>"; };
		45243AAE21236FAE00EA5FE0 /* ViewController.swift */ = {isa = PBXFileReference; lastKnownFileType = sourcecode.swift; path = ViewController.swift; sourceTree = "<group>"; };
		45243AB121236FAE00EA5FE0 /* Base */ = {isa = PBXFileReference; lastKnownFileType = file.storyboard; name = Base; path = Base.lproj/Main.storyboard; sourceTree = "<group>"; };
		45243AB421236FAE00EA5FE0 /* ForeCastTheWeather.xcdatamodel */ = {isa = PBXFileReference; lastKnownFileType = wrapper.xcdatamodel; path = ForeCastTheWeather.xcdatamodel; sourceTree = "<group>"; };
		45243AB621236FAF00EA5FE0 /* Assets.xcassets */ = {isa = PBXFileReference; lastKnownFileType = folder.assetcatalog; path = Assets.xcassets; sourceTree = "<group>"; };
		45243AB921236FAF00EA5FE0 /* Base */ = {isa = PBXFileReference; lastKnownFileType = file.storyboard; name = Base; path = Base.lproj/LaunchScreen.storyboard; sourceTree = "<group>"; };
		45243ABB21236FAF00EA5FE0 /* Info.plist */ = {isa = PBXFileReference; lastKnownFileType = text.plist.xml; path = Info.plist; sourceTree = "<group>"; };
/* End PBXFileReference section */

/* Begin PBXFrameworksBuildPhase section */
		45243AA621236FAE00EA5FE0 /* Frameworks */ = {
			isa = PBXFrameworksBuildPhase;
			buildActionMask = 2147483647;
			files = (
			);
			runOnlyForDeploymentPostprocessing = 0;
		};
/* End PBXFrameworksBuildPhase section */

/* Begin PBXGroup section */
		45243AA021236FAE00EA5FE0 = {
			isa = PBXGroup;
			children = (
				45243AAB21236FAE00EA5FE0 /* ForeCastTheWeather */,
				45243AAA21236FAE00EA5FE0 /* Products */,
			);
			sourceTree = "<group>";
		};
		45243AAA21236FAE00EA5FE0 /* Products */ = {
			isa = PBXGroup;
			children = (
				45243AA921236FAE00EA5FE0 /* ForeCastTheWeather.app */,
			);
			name = Products;
			sourceTree = "<group>";
		};
		45243AAB21236FAE00EA5FE0 /* ForeCastTheWeather */ = {
			isa = PBXGroup;
			children = (
				45243AAC21236FAE00EA5FE0 /* AppDelegate.swift */,
				45243AAE21236FAE00EA5FE0 /* ViewController.swift */,
				45243AB021236FAE00EA5FE0 /* Main.storyboard */,
				45243AB621236FAF00EA5FE0 /* Assets.xcassets */,
				45243AB821236FAF00EA5FE0 /* LaunchScreen.storyboard */,
				45243ABB21236FAF00EA5FE0 /* Info.plist */,
				45243AB321236FAE00EA5FE0 /* ForeCastTheWeather.xcdatamodeld */,
			);
			path = ForeCastTheWeather;
			sourceTree = "<group>";
		};
/* End PBXGroup section */

/* Begin PBXNativeTarget section */
		45243AA821236FAE00EA5FE0 /* ForeCastTheWeather */ = {
			isa = PBXNativeTarget;
			buildConfigurationList = 45243ABE21236FAF00EA5FE0 /* Build configuration list for PBXNativeTarget "ForeCastTheWeather" */;
			buildPhases = (
				45243AA521236FAE00EA5FE0 /* Sources */,
				45243AA621236FAE00EA5FE0 /* Frameworks */,
				45243AA721236FAE00EA5FE0 /* Resources */,
			);
			buildRules = (
			);
			dependencies = (
			);
			name = ForeCastTheWeather;
			productName = ForeCastTheWeather;
			productReference = 45243AA921236FAE00EA5FE0 /* ForeCastTheWeather.app */;
			productType = "com.apple.product-type.application";
		};
/* End PBXNativeTarget section */

/* Begin PBXProject section */
		45243AA121236FAE00EA5FE0 /* Project object */ = {
			isa = PBXProject;
			attributes = {
				LastSwiftUpdateCheck = 0940;
				LastUpgradeCheck = 0940;
				ORGANIZATIONNAME = TalipBOKE;
				TargetAttributes = {
					45243AA821236FAE00EA5FE0 = {
						CreatedOnToolsVersion = 9.4.1;
					};
				};
			};
			buildConfigurationList = 45243AA421236FAE00EA5FE0 /* Build configuration list for PBXProject "ForeCastTheWeather" */;
			compatibilityVersion = "Xcode 9.3";
			developmentRegion = en;
			hasScannedForEncodings = 0;
			knownRegions = (
				en,
				Base,
			);
			mainGroup = 45243AA021236FAE00EA5FE0;
			productRefGroup = 45243AAA21236FAE00EA5FE0 /* Products */;
			projectDirPath = "";
			projectRoot = "";
			targets = (
				45243AA821236FAE00EA5FE0 /* ForeCastTheWeather */,
			);
		};
/* End PBXProject section */

/* Begin PBXResourcesBuildPhase section */
		45243AA721236FAE00EA5FE0 /* Resources */ = {
			isa = PBXResourcesBuildPhase;
			buildActionMask = 2147483647;
			files = (
				45243ABA21236FAF00EA5FE0 /* LaunchScreen.storyboard in Resources */,
				45243AB721236FAF00EA5FE0 /* Assets.xcassets in Resources */,
				45243AB221236FAE00EA5FE0 /* Main.storyboard in Resources */,
			);
			runOnlyForDeploymentPostprocessing = 0;
		};
/* End PBXResourcesBuildPhase section */

/* Begin PBXSourcesBuildPhase section */
		45243AA521236FAE00EA5FE0 /* Sources */ = {
			isa = PBXSourcesBuildPhase;
			buildActionMask = 2147483647;
			files = (
				45243AB521236FAE00EA5FE0 /* ForeCastTheWeather.xcdatamodeld in Sources */,
				45243AAF21236FAE00EA5FE0 /* ViewController.swift in Sources */,
				45243AAD21236FAE00EA5FE0 /* AppDelegate.swift in Sources */,
			);
			runOnlyForDeploymentPostprocessing = 0;
		};
/* End PBXSourcesBuildPhase section */

/* Begin PBXVariantGroup section */
		45243AB021236FAE00EA5FE0 /* Main.storyboard */ = {
			isa = PBXVariantGroup;
			children = (
				45243AB121236FAE00EA5FE0 /* Base */,
			);
			name = Main.storyboard;
			sourceTree = "<group>";
		};
		45243AB821236FAF00EA5FE0 /* LaunchScreen.storyboard */ = {
			isa = PBXVariantGroup;
			children = (
				45243AB921236FAF00EA5FE0 /* Base */,
			);
			name = LaunchScreen.storyboard;
			sourceTree = "<group>";
		};
/* End PBXVariantGroup section */

/* Begin XCBuildConfiguration section */
		45243ABC21236FAF00EA5FE0 /* Debug */ = {
			isa = XCBuildConfiguration;
			buildSettings = {
				ALWAYS_SEARCH_USER_PATHS = NO;
				CLANG_ANALYZER_NONNULL = YES;
				CLANG_ANALYZER_NUMBER_OBJECT_CONVERSION = YES_AGGRESSIVE;
				CLANG_CXX_LANGUAGE_STANDARD = "gnu++14";
				CLANG_CXX_LIBRARY = "libc++";
				CLANG_ENABLE_MODULES = YES;
				CLANG_ENABLE_OBJC_ARC = YES;
				CLANG_ENABLE_OBJC_WEAK = YES;
				CLANG_WARN_BLOCK_CAPTURE_AUTORELEASING = YES;
				CLANG_WARN_BOOL_CONVERSION = YES;
				CLANG_WARN_COMMA = YES;
				CLANG_WARN_CONSTANT_CONVERSION = YES;
				CLANG_WARN_DEPRECATED_OBJC_IMPLEMENTATIONS = YES;
				CLANG_WARN_DIRECT_OBJC_ISA_USAGE = YES_ERROR;
				CLANG_WARN_DOCUMENTATION_COMMENTS = YES;
				CLANG_WARN_EMPTY_BODY = YES;
				CLANG_WARN_ENUM_CONVERSION = YES;
				CLANG_WARN_INFINITE_RECURSION = YES;
				CLANG_WARN_INT_CONVERSION = YES;
				CLANG_WARN_NON_LITERAL_NULL_CONVERSION = YES;
				CLANG_WARN_OBJC_IMPLICIT_RETAIN_SELF = YES;
				CLANG_WARN_OBJC_LITERAL_CONVERSION = YES;
				CLANG_WARN_OBJC_ROOT_CLASS = YES_ERROR;
				CLANG_WARN_RANGE_LOOP_ANALYSIS = YES;
				CLANG_WARN_STRICT_PROTOTYPES = YES;
				CLANG_WARN_SUSPICIOUS_MOVE = YES;
				CLANG_WARN_UNGUARDED_AVAILABILITY = YES_AGGRESSIVE;
				CLANG_WARN_UNREACHABLE_CODE = YES;
				CLANG_WARN__DUPLICATE_METHOD_MATCH = YES;
				CODE_SIGN_IDENTITY = "iPhone Developer";
				COPY_PHASE_STRIP = NO;
				DEBUG_INFORMATION_FORMAT = dwarf;
				ENABLE_STRICT_OBJC_MSGSEND = YES;
				ENABLE_TESTABILITY = YES;
				GCC_C_LANGUAGE_STANDARD = gnu11;
				GCC_DYNAMIC_NO_PIC = NO;
				GCC_NO_COMMON_BLOCKS = YES;
				GCC_OPTIMIZATION_LEVEL = 0;
				GCC_PREPROCESSOR_DEFINITIONS = (
					"DEBUG=1",
					"$(inherited)",
				);
				GCC_WARN_64_TO_32_BIT_CONVERSION = YES;
				GCC_WARN_ABOUT_RETURN_TYPE = YES_ERROR;
				GCC_WARN_UNDECLARED_SELECTOR = YES;
				GCC_WARN_UNINITIALIZED_AUTOS = YES_AGGRESSIVE;
				GCC_WARN_UNUSED_FUNCTION = YES;
				GCC_WARN_UNUSED_VARIABLE = YES;
				IPHONEOS_DEPLOYMENT_TARGET = 11.4;
				MTL_ENABLE_DEBUG_INFO = YES;
				ONLY_ACTIVE_ARCH = YES;
				SDKROOT = iphoneos;
				SWIFT_ACTIVE_COMPILATION_CONDITIONS = DEBUG;
				SWIFT_OPTIMIZATION_LEVEL = "-Onone";
			};
			name = Debug;
		};
		45243ABD21236FAF00EA5FE0 /* Release */ = {
			isa = XCBuildConfiguration;
			buildSettings = {
				ALWAYS_SEARCH_USER_PATHS = NO;
				CLANG_ANALYZER_NONNULL = YES;
				CLANG_ANALYZER_NUMBER_OBJECT_CONVERSION = YES_AGGRESSIVE;
				CLANG_CXX_LANGUAGE_STANDARD = "gnu++14";
				CLANG_CXX_LIBRARY = "libc++";
				CLANG_ENABLE_MODULES = YES;
				CLANG_ENABLE_OBJC_ARC = YES;
				CLANG_ENABLE_OBJC_WEAK = YES;
				CLANG_WARN_BLOCK_CAPTURE_AUTORELEASING = YES;
				CLANG_WARN_BOOL_CONVERSION = YES;
				CLANG_WARN_COMMA = YES;
				CLANG_WARN_CONSTANT_CONVERSION = YES;
				CLANG_WARN_DEPRECATED_OBJC_IMPLEMENTATIONS = YES;
				CLANG_WARN_DIRECT_OBJC_ISA_USAGE = YES_ERROR;
				CLANG_WARN_DOCUMENTATION_COMMENTS = YES;
				CLANG_WARN_EMPTY_BODY = YES;
				CLANG_WARN_ENUM_CONVERSION = YES;
				CLANG_WARN_INFINITE_RECURSION = YES;
				CLANG_WARN_INT_CONVERSION = YES;
				CLANG_WARN_NON_LITERAL_NULL_CONVERSION = YES;
				CLANG_WARN_OBJC_IMPLICIT_RETAIN_SELF = YES;
				CLANG_WARN_OBJC_LITERAL_CONVERSION = YES;
				CLANG_WARN_OBJC_ROOT_CLASS = YES_ERROR;
				CLANG_WARN_RANGE_LOOP_ANALYSIS = YES;
				CLANG_WARN_STRICT_PROTOTYPES = YES;
				CLANG_WARN_SUSPICIOUS_MOVE = YES;
				CLANG_WARN_UNGUARDED_AVAILABILITY = YES_AGGRESSIVE;
				CLANG_WARN_UNREACHABLE_CODE = YES;
				CLANG_WARN__DUPLICATE_METHOD_MATCH = YES;
				CODE_SIGN_IDENTITY = "iPhone Developer";
				COPY_PHASE_STRIP = NO;
				DEBUG_INFORMATION_FORMAT = "dwarf-with-dsym";
				ENABLE_NS_ASSERTIONS = NO;
				ENABLE_STRICT_OBJC_MSGSEND = YES;
				GCC_C_LANGUAGE_STANDARD = gnu11;
				GCC_NO_COMMON_BLOCKS = YES;
				GCC_WARN_64_TO_32_BIT_CONVERSION = YES;
				GCC_WARN_ABOUT_RETURN_TYPE = YES_ERROR;
				GCC_WARN_UNDECLARED_SELECTOR = YES;
				GCC_WARN_UNINITIALIZED_AUTOS = YES_AGGRESSIVE;
				GCC_WARN_UNUSED_FUNCTION = YES;
				GCC_WARN_UNUSED_VARIABLE = YES;
				IPHONEOS_DEPLOYMENT_TARGET = 11.4;
				MTL_ENABLE_DEBUG_INFO = NO;
				SDKROOT = iphoneos;
				SWIFT_COMPILATION_MODE = wholemodule;
				SWIFT_OPTIMIZATION_LEVEL = "-O";
				VALIDATE_PRODUCT = YES;
			};
			name = Release;
		};
		45243ABF21236FAF00EA5FE0 /* Debug */ = {
			isa = XCBuildConfiguration;
			buildSettings = {
				ASSETCATALOG_COMPILER_APPICON_NAME = AppIcon;
				CODE_SIGN_STYLE = Automatic;
				INFOPLIST_FILE = ForeCastTheWeather/Info.plist;
				LD_RUNPATH_SEARCH_PATHS = (
					"$(inherited)",
					"@executable_path/Frameworks",
				);
				PRODUCT_BUNDLE_IDENTIFIER = com.ForeCastTheWeather;
				PRODUCT_NAME = "$(TARGET_NAME)";
				SWIFT_VERSION = 4.0;
				TARGETED_DEVICE_FAMILY = "1,2";
			};
			name = Debug;
		};
		45243AC021236FAF00EA5FE0 /* Release */ = {
			isa = XCBuildConfiguration;
			buildSettings = {
				ASSETCATALOG_COMPILER_APPICON_NAME = AppIcon;
				CODE_SIGN_STYLE = Automatic;
				INFOPLIST_FILE = ForeCastTheWeather/Info.plist;
				LD_RUNPATH_SEARCH_PATHS = (
					"$(inherited)",
					"@executable_path/Frameworks",
				);
				PRODUCT_BUNDLE_IDENTIFIER = com.ForeCastTheWeather;
				PRODUCT_NAME = "$(TARGET_NAME)";
				SWIFT_VERSION = 4.0;
				TARGETED_DEVICE_FAMILY = "1,2";
			};
			name = Release;
		};
/* End XCBuildConfiguration section */

/* Begin XCConfigurationList section */
		45243AA421236FAE00EA5FE0 /* Build configuration list for PBXProject "ForeCastTheWeather" */ = {
			isa = XCConfigurationList;
			buildConfigurations = (
				45243ABC21236FAF00EA5FE0 /* Debug */,
				45243ABD21236FAF00EA5FE0 /* Release */,
			);
			defaultConfigurationIsVisible = 0;
			defaultConfigurationName = Release;
		};
		45243ABE21236FAF00EA5FE0 /* Build configuration list for PBXNativeTarget "ForeCastTheWeather" */ = {
			isa = XCConfigurationList;
			buildConfigurations = (
				45243ABF21236FAF00EA5FE0 /* Debug */,
				45243AC021236FAF00EA5FE0 /* Release */,
			);
			defaultConfigurationIsVisible = 0;
			defaultConfigurationName = Release;
		};
/* End XCConfigurationList section */

/* Begin XCVersionGroup section */
		45243AB321236FAE00EA5FE0 /* ForeCastTheWeather.xcdatamodeld */ = {
			isa = XCVersionGroup;
			children = (
				45243AB421236FAE00EA5FE0 /* ForeCastTheWeather.xcdatamodel */,
			);
			currentVersion = 45243AB421236FAE00EA5FE0 /* ForeCastTheWeather.xcdatamodel */;
			path = ForeCastTheWeather.xcdatamodeld;
			sourceTree = "<group>";
			versionGroupType = wrapper.xcdatamodel;
		};
/* End XCVersionGroup section */
	};
	rootObject = 45243AA121236FAE00EA5FE0 /* Project object */;
}
